// !$*UTF8*$!
{
	archiveVersion = 1;
	classes = {
	};
	objectVersion = 56;
	objects = {

/* Begin PBXBuildFile section */
		8301000000000001 /* AmbiApp.swift in Sources */ = {isa = PBXBuildFile; fileRef = 8300000000000001 /* AmbiApp.swift */; };
		8301000000000002 /* Session.swift in Sources */ = {isa = PBXBuildFile; fileRef = 8300000000000002 /* Session.swift */; };
		8301000000000003 /* Transcription.swift in Sources */ = {isa = PBXBuildFile; fileRef = 8300000000000003 /* Transcription.swift */; };
		8301000000000004 /* DatabaseManager.swift in Sources */ = {isa = PBXBuildFile; fileRef = 8300000000000004 /* DatabaseManager.swift */; };
		8301000000000005 /* AudioRecorder.swift in Sources */ = {isa = PBXBuildFile; fileRef = 8300000000000005 /* AudioRecorder.swift */; };
		8301000000000006 /* TranscriptionEngine.swift in Sources */ = {isa = PBXBuildFile; fileRef = 8300000000000006 /* TranscriptionEngine.swift */; };
		8301000000000007 /* MainView.swift in Sources */ = {isa = PBXBuildFile; fileRef = 8300000000000007 /* MainView.swift */; };
		8301000000000008 /* SidebarView.swift in Sources */ = {isa = PBXBuildFile; fileRef = 8300000000000008 /* SidebarView.swift */; };
		8301000000000009 /* TranscriptionDetailView.swift in Sources */ = {isa = PBXBuildFile; fileRef = 8300000000000009 /* TranscriptionDetailView.swift */; };
		830100000000000A /* MenuBarView.swift in Sources */ = {isa = PBXBuildFile; fileRef = 830000000000000A /* MenuBarView.swift */; };
		830100000000000B /* SettingsView.swift in Sources */ = {isa = PBXBuildFile; fileRef = 830000000000000B /* SettingsView.swift */; };
		830100000000000C /* Assets.xcassets in Resources */ = {isa = PBXBuildFile; fileRef = 830000000000000C /* Assets.xcassets */; };
		830100000000000D /* GRDB in Frameworks */ = {isa = PBXBuildFile; productRef = 830200000000000D /* GRDB */; };
		830100000000000E /* WhisperKit in Frameworks */ = {isa = PBXBuildFile; productRef = 830200000000000E /* WhisperKit */; };
/* End PBXBuildFile section */

/* Begin PBXFileReference section */
		8300000000000000 /* Ambi.app */ = {isa = PBXFileReference; explicitFileType = wrapper.application; includeInIndex = 0; path = Ambi.app; sourceTree = BUILT_PRODUCTS_DIR; };
		8300000000000001 /* AmbiApp.swift */ = {isa = PBXFileReference; lastKnownFileType = sourcecode.swift; path = AmbiApp.swift; sourceTree = "<group>"; };
		8300000000000002 /* Session.swift */ = {isa = PBXFileReference; lastKnownFileType = sourcecode.swift; path = Session.swift; sourceTree = "<group>"; };
		8300000000000003 /* Transcription.swift */ = {isa = PBXFileReference; lastKnownFileType = sourcecode.swift; path = Transcription.swift; sourceTree = "<group>"; };
		8300000000000004 /* DatabaseManager.swift */ = {isa = PBXFileReference; lastKnownFileType = sourcecode.swift; path = DatabaseManager.swift; sourceTree = "<group>"; };
		8300000000000005 /* AudioRecorder.swift */ = {isa = PBXFileReference; lastKnownFileType = sourcecode.swift; path = AudioRecorder.swift; sourceTree = "<group>"; };
		8300000000000006 /* TranscriptionEngine.swift */ = {isa = PBXFileReference; lastKnownFileType = sourcecode.swift; path = TranscriptionEngine.swift; sourceTree = "<group>"; };
		8300000000000007 /* MainView.swift */ = {isa = PBXFileReference; lastKnownFileType = sourcecode.swift; path = MainView.swift; sourceTree = "<group>"; };
		8300000000000008 /* SidebarView.swift */ = {isa = PBXFileReference; lastKnownFileType = sourcecode.swift; path = SidebarView.swift; sourceTree = "<group>"; };
		8300000000000009 /* TranscriptionDetailView.swift */ = {isa = PBXFileReference; lastKnownFileType = sourcecode.swift; path = TranscriptionDetailView.swift; sourceTree = "<group>"; };
		830000000000000A /* MenuBarView.swift */ = {isa = PBXFileReference; lastKnownFileType = sourcecode.swift; path = MenuBarView.swift; sourceTree = "<group>"; };
		830000000000000B /* SettingsView.swift */ = {isa = PBXFileReference; lastKnownFileType = sourcecode.swift; path = SettingsView.swift; sourceTree = "<group>"; };
		830000000000000C /* Assets.xcassets */ = {isa = PBXFileReference; lastKnownFileType = folder.assetcatalog; path = Assets.xcassets; sourceTree = "<group>"; };
		830000000000000D /* Info.plist */ = {isa = PBXFileReference; lastKnownFileType = text.plist.xml; path = Info.plist; sourceTree = "<group>"; };
		830000000000000E /* Ambi.entitlements */ = {isa = PBXFileReference; lastKnownFileType = text.plist.entitlements; path = Ambi.entitlements; sourceTree = "<group>"; };
/* End PBXFileReference section */

/* Begin PBXFrameworksBuildPhase section */
		8303000000000000 /* Frameworks */ = {
			isa = PBXFrameworksBuildPhase;
			buildActionMask = 2147483647;
			files = (
				830100000000000D /* GRDB in Frameworks */,
				830100000000000E /* WhisperKit in Frameworks */,
			);
			runOnlyForDeploymentPostprocessing = 0;
		};
/* End PBXFrameworksBuildPhase section */

/* Begin PBXGroup section */
		8304000000000000 = {
			isa = PBXGroup;
			children = (
				8304000000000001 /* Ambi */,
				8304000000000010 /* Products */,
			);
			sourceTree = "<group>";
		};
		8304000000000001 /* Ambi */ = {
			isa = PBXGroup;
			children = (
				8304000000000002 /* App */,
				8304000000000003 /* Models */,
				8304000000000004 /* Database */,
				8304000000000005 /* Audio */,
				8304000000000006 /* Transcription */,
				8304000000000007 /* Views */,
				8304000000000008 /* Resources */,
				830000000000000D /* Info.plist */,
				830000000000000E /* Ambi.entitlements */,
			);
			path = Ambi;
			sourceTree = "<group>";
		};
		8304000000000002 /* App */ = {
			isa = PBXGroup;
			children = (
				8300000000000001 /* AmbiApp.swift */,
			);
			path = App;
			sourceTree = "<group>";
		};
		8304000000000003 /* Models */ = {
			isa = PBXGroup;
			children = (
				8300000000000002 /* Session.swift */,
				8300000000000003 /* Transcription.swift */,
			);
			path = Models;
			sourceTree = "<group>";
		};
		8304000000000004 /* Database */ = {
			isa = PBXGroup;
			children = (
				8300000000000004 /* DatabaseManager.swift */,
			);
			path = Database;
			sourceTree = "<group>";
		};
		8304000000000005 /* Audio */ = {
			isa = PBXGroup;
			children = (
				8300000000000005 /* AudioRecorder.swift */,
			);
			path = Audio;
			sourceTree = "<group>";
		};
		8304000000000006 /* Transcription */ = {
			isa = PBXGroup;
			children = (
				8300000000000006 /* TranscriptionEngine.swift */,
			);
			path = Transcription;
			sourceTree = "<group>";
		};
		8304000000000007 /* Views */ = {
			isa = PBXGroup;
			children = (
				8300000000000007 /* MainView.swift */,
				8300000000000008 /* SidebarView.swift */,
				8300000000000009 /* TranscriptionDetailView.swift */,
				830000000000000A /* MenuBarView.swift */,
				830000000000000B /* SettingsView.swift */,
			);
			path = Views;
			sourceTree = "<group>";
		};
		8304000000000008 /* Resources */ = {
			isa = PBXGroup;
			children = (
				830000000000000C /* Assets.xcassets */,
			);
			path = Resources;
			sourceTree = "<group>";
		};
		8304000000000010 /* Products */ = {
			isa = PBXGroup;
			children = (
				8300000000000000 /* Ambi.app */,
			);
			name = Products;
			sourceTree = "<group>";
		};
/* End PBXGroup section */

/* Begin PBXNativeTarget section */
		8305000000000000 /* Ambi */ = {
			isa = PBXNativeTarget;
			buildConfigurationList = 8307000000000000 /* Build configuration list for PBXNativeTarget "Ambi" */;
			buildPhases = (
				8302000000000000 /* Sources */,
				8303000000000000 /* Frameworks */,
				8306000000000000 /* Resources */,
			);
			buildRules = (
			);
			dependencies = (
			);
			name = Ambi;
			packageProductDependencies = (
				830200000000000D /* GRDB */,
				830200000000000E /* WhisperKit */,
			);
			productName = Ambi;
			productReference = 8300000000000000 /* Ambi.app */;
			productType = "com.apple.product-type.application";
		};
/* End PBXNativeTarget section */

/* Begin PBXProject section */
		8308000000000000 /* Project object */ = {
			isa = PBXProject;
			attributes = {
				BuildIndependentTargetsInParallel = 1;
				LastSwiftUpdateCheck = 1500;
				LastUpgradeCheck = 1500;
				TargetAttributes = {
					8305000000000000 = {
						CreatedOnToolsVersion = 15.0;
					};
				};
			};
			buildConfigurationList = 8307000000000001 /* Build configuration list for PBXProject "Ambi" */;
			compatibilityVersion = "Xcode 14.0";
			developmentRegion = en;
			hasScannedForEncodings = 0;
			knownRegions = (
				en,
				Base,
			);
			mainGroup = 8304000000000000;
			packageReferences = (
				8309000000000001 /* XCRemoteSwiftPackageReference "GRDB.swift" */,
				8309000000000002 /* XCRemoteSwiftPackageReference "WhisperKit" */,
			);
			productRefGroup = 8304000000000010 /* Products */;
			projectDirPath = "";
			projectRoot = "";
			targets = (
				8305000000000000 /* Ambi */,
			);
		};
/* End PBXProject section */

/* Begin PBXResourcesBuildPhase section */
		8306000000000000 /* Resources */ = {
			isa = PBXResourcesBuildPhase;
			buildActionMask = 2147483647;
			files = (
				830100000000000C /* Assets.xcassets in Resources */,
			);
			runOnlyForDeploymentPostprocessing = 0;
		};
/* End PBXResourcesBuildPhase section */

/* Begin PBXSourcesBuildPhase section */
		8302000000000000 /* Sources */ = {
			isa = PBXSourcesBuildPhase;
			buildActionMask = 2147483647;
			files = (
				8301000000000001 /* AmbiApp.swift in Sources */,
				8301000000000002 /* Session.swift in Sources */,
				8301000000000003 /* Transcription.swift in Sources */,
				8301000000000004 /* DatabaseManager.swift in Sources */,
				8301000000000005 /* AudioRecorder.swift in Sources */,
				8301000000000006 /* TranscriptionEngine.swift in Sources */,
				8301000000000007 /* MainView.swift in Sources */,
				8301000000000008 /* SidebarView.swift in Sources */,
				8301000000000009 /* TranscriptionDetailView.swift in Sources */,
				830100000000000A /* MenuBarView.swift in Sources */,
				830100000000000B /* SettingsView.swift in Sources */,
			);
			runOnlyForDeploymentPostprocessing = 0;
		};
/* End PBXSourcesBuildPhase section */

/* Begin XCBuildConfiguration section */
		830A000000000000 /* Debug */ = {
			isa = XCBuildConfiguration;
			buildSettings = {
				ALWAYS_SEARCH_USER_PATHS = NO;
				ASSETCATALOG_COMPILER_GENERATE_SWIFT_ASSET_SYMBOL_EXTENSIONS = YES;
				CLANG_ANALYZER_NONNULL = YES;
				CLANG_ANALYZER_NUMBER_OBJECT_CONVERSION = YES_AGGRESSIVE;
				CLANG_CXX_LANGUAGE_STANDARD = "gnu++20";
				CLANG_ENABLE_MODULES = YES;
				CLANG_ENABLE_OBJC_ARC = YES;
				CLANG_ENABLE_OBJC_WEAK = YES;
				CLANG_WARN_BLOCK_CAPTURE_AUTORELEASING = YES;
				CLANG_WARN_BOOL_CONVERSION = YES;
				CLANG_WARN_COMMA = YES;
				CLANG_WARN_CONSTANT_CONVERSION = YES;
				CLANG_WARN_DEPRECATED_OBJC_IMPLEMENTATIONS = YES;
				CLANG_WARN_DIRECT_OBJC_ISA_USAGE = YES_ERROR;
				CLANG_WARN_DOCUMENTATION_COMMENTS = YES;
				CLANG_WARN_EMPTY_BODY = YES;
				CLANG_WARN_ENUM_CONVERSION = YES;
				CLANG_WARN_INFINITE_RECURSION = YES;
				CLANG_WARN_INT_CONVERSION = YES;
				CLANG_WARN_NON_LITERAL_NULL_CONVERSION = YES;
				CLANG_WARN_OBJC_IMPLICIT_RETAIN_SELF = YES;
				CLANG_WARN_OBJC_LITERAL_CONVERSION = YES;
				CLANG_WARN_OBJC_ROOT_CLASS = YES_ERROR;
				CLANG_WARN_QUOTED_INCLUDE_IN_FRAMEWORK_HEADER = YES;
				CLANG_WARN_RANGE_LOOP_ANALYSIS = YES;
				CLANG_WARN_STRICT_PROTOTYPES = YES;
				CLANG_WARN_SUSPICIOUS_MOVE = YES;
				CLANG_WARN_UNGUARDED_AVAILABILITY = YES_AGGRESSIVE;
				CLANG_WARN_UNREACHABLE_CODE = YES;
				CLANG_WARN__DUPLICATE_METHOD_MATCH = YES;
				COPY_PHASE_STRIP = NO;
				DEBUG_INFORMATION_FORMAT = dwarf;
				ENABLE_STRICT_OBJC_MSGSEND = YES;
				ENABLE_TESTABILITY = YES;
				ENABLE_USER_SCRIPT_SANDBOXING = YES;
				GCC_C_LANGUAGE_STANDARD = gnu17;
				GCC_DYNAMIC_NO_PIC = NO;
				GCC_NO_COMMON_BLOCKS = YES;
				GCC_OPTIMIZATION_LEVEL = 0;
				GCC_PREPROCESSOR_DEFINITIONS = (
					"DEBUG=1",
					"$(inherited)",
				);
				GCC_WARN_64_TO_32_BIT_CONVERSION = YES;
				GCC_WARN_ABOUT_RETURN_TYPE = YES_ERROR;
				GCC_WARN_UNDECLARED_SELECTOR = YES;
				GCC_WARN_UNINITIALIZED_AUTOS = YES_AGGRESSIVE;
				GCC_WARN_UNUSED_FUNCTION = YES;
				GCC_WARN_UNUSED_VARIABLE = YES;
				LOCALIZATION_PREFERS_STRING_CATALOGS = YES;
				MACOSX_DEPLOYMENT_TARGET = 13.0;
				MTL_ENABLE_DEBUG_INFO = INCLUDE_SOURCE;
				MTL_FAST_MATH = YES;
				ONLY_ACTIVE_ARCH = YES;
				SDKROOT = macosx;
				SWIFT_ACTIVE_COMPILATION_CONDITIONS = "DEBUG $(inherited)";
				SWIFT_OPTIMIZATION_LEVEL = "-Onone";
			};
			name = Debug;
		};
		830A000000000001 /* Release */ = {
			isa = XCBuildConfiguration;
			buildSettings = {
				ALWAYS_SEARCH_USER_PATHS = NO;
				ASSETCATALOG_COMPILER_GENERATE_SWIFT_ASSET_SYMBOL_EXTENSIONS = YES;
				CLANG_ANALYZER_NONNULL = YES;
				CLANG_ANALYZER_NUMBER_OBJECT_CONVERSION = YES_AGGRESSIVE;
				CLANG_CXX_LANGUAGE_STANDARD = "gnu++20";
				CLANG_ENABLE_MODULES = YES;
				CLANG_ENABLE_OBJC_ARC = YES;
				CLANG_ENABLE_OBJC_WEAK = YES;
				CLANG_WARN_BLOCK_CAPTURE_AUTORELEASING = YES;
				CLANG_WARN_BOOL_CONVERSION = YES;
				CLANG_WARN_COMMA = YES;
				CLANG_WARN_CONSTANT_CONVERSION = YES;
				CLANG_WARN_DEPRECATED_OBJC_IMPLEMENTATIONS = YES;
				CLANG_WARN_DIRECT_OBJC_ISA_USAGE = YES_ERROR;
				CLANG_WARN_DOCUMENTATION_COMMENTS = YES;
				CLANG_WARN_EMPTY_BODY = YES;
				CLANG_WARN_ENUM_CONVERSION = YES;
				CLANG_WARN_INFINITE_RECURSION = YES;
				CLANG_WARN_INT_CONVERSION = YES;
				CLANG_WARN_NON_LITERAL_NULL_CONVERSION = YES;
				CLANG_WARN_OBJC_IMPLICIT_RETAIN_SELF = YES;
				CLANG_WARN_OBJC_LITERAL_CONVERSION = YES;
				CLANG_WARN_OBJC_ROOT_CLASS = YES_ERROR;
				CLANG_WARN_QUOTED_INCLUDE_IN_FRAMEWORK_HEADER = YES;
				CLANG_WARN_RANGE_LOOP_ANALYSIS = YES;
				CLANG_WARN_STRICT_PROTOTYPES = YES;
				CLANG_WARN_SUSPICIOUS_MOVE = YES;
				CLANG_WARN_UNGUARDED_AVAILABILITY = YES_AGGRESSIVE;
				CLANG_WARN_UNREACHABLE_CODE = YES;
				CLANG_WARN__DUPLICATE_METHOD_MATCH = YES;
				COPY_PHASE_STRIP = NO;
				DEBUG_INFORMATION_FORMAT = "dwarf-with-dsym";
				ENABLE_NS_ASSERTIONS = NO;
				ENABLE_STRICT_OBJC_MSGSEND = YES;
				ENABLE_USER_SCRIPT_SANDBOXING = YES;
				GCC_C_LANGUAGE_STANDARD = gnu17;
				GCC_NO_COMMON_BLOCKS = YES;
				GCC_WARN_64_TO_32_BIT_CONVERSION = YES;
				GCC_WARN_ABOUT_RETURN_TYPE = YES_ERROR;
				GCC_WARN_UNDECLARED_SELECTOR = YES;
				GCC_WARN_UNINITIALIZED_AUTOS = YES_AGGRESSIVE;
				GCC_WARN_UNUSED_FUNCTION = YES;
				GCC_WARN_UNUSED_VARIABLE = YES;
				LOCALIZATION_PREFERS_STRING_CATALOGS = YES;
				MACOSX_DEPLOYMENT_TARGET = 13.0;
				MTL_ENABLE_DEBUG_INFO = NO;
				MTL_FAST_MATH = YES;
				SDKROOT = macosx;
				SWIFT_COMPILATION_MODE = wholemodule;
			};
			name = Release;
		};
		830A000000000002 /* Debug */ = {
			isa = XCBuildConfiguration;
			buildSettings = {
				ASSETCATALOG_COMPILER_APPICON_NAME = AppIcon;
				ASSETCATALOG_COMPILER_GLOBAL_ACCENT_COLOR_NAME = AccentColor;
				CODE_SIGN_ENTITLEMENTS = Ambi/Ambi.entitlements;
				CODE_SIGN_STYLE = Automatic;
				COMBINE_HIDPI_IMAGES = YES;
				CURRENT_PROJECT_VERSION = 1;
				DEVELOPMENT_TEAM = "";
				ENABLE_HARDENED_RUNTIME = YES;
				GENERATE_INFOPLIST_FILE = YES;
				INFOPLIST_FILE = Ambi/Info.plist;
				INFOPLIST_KEY_CFBundleDisplayName = Ambi;
				INFOPLIST_KEY_LSApplicationCategoryType = "public.app-category.productivity";
				INFOPLIST_KEY_LSUIElement = YES;
				INFOPLIST_KEY_NSHumanReadableCopyright = "Copyright © 2024 Hari. All rights reserved.";
				INFOPLIST_KEY_NSMicrophoneUsageDescription = "Ambi needs access to your microphone to record and transcribe your voice.";
				LD_RUNPATH_SEARCH_PATHS = (
					"$(inherited)",
					"@executable_path/../Frameworks",
				);
				MARKETING_VERSION = 1.0;
				PRODUCT_BUNDLE_IDENTIFIER = com.hari.ambi;
				PRODUCT_NAME = "$(TARGET_NAME)";
				SWIFT_EMIT_LOC_STRINGS = YES;
				SWIFT_VERSION = 5.0;
			};
			name = Debug;
		};
		830A000000000003 /* Release */ = {
			isa = XCBuildConfiguration;
			buildSettings = {
				ASSETCATALOG_COMPILER_APPICON_NAME = AppIcon;
				ASSETCATALOG_COMPILER_GLOBAL_ACCENT_COLOR_NAME = AccentColor;
				CODE_SIGN_ENTITLEMENTS = Ambi/Ambi.entitlements;
				CODE_SIGN_STYLE = Automatic;
				COMBINE_HIDPI_IMAGES = YES;
				CURRENT_PROJECT_VERSION = 1;
				DEVELOPMENT_TEAM = "";
				ENABLE_HARDENED_RUNTIME = YES;
				GENERATE_INFOPLIST_FILE = YES;
				INFOPLIST_FILE = Ambi/Info.plist;
				INFOPLIST_KEY_CFBundleDisplayName = Ambi;
				INFOPLIST_KEY_LSApplicationCategoryType = "public.app-category.productivity";
				INFOPLIST_KEY_LSUIElement = YES;
				INFOPLIST_KEY_NSHumanReadableCopyright = "Copyright © 2024 Hari. All rights reserved.";
				INFOPLIST_KEY_NSMicrophoneUsageDescription = "Ambi needs access to your microphone to record and transcribe your voice.";
				LD_RUNPATH_SEARCH_PATHS = (
					"$(inherited)",
					"@executable_path/../Frameworks",
				);
				MARKETING_VERSION = 1.0;
				PRODUCT_BUNDLE_IDENTIFIER = com.hari.ambi;
				PRODUCT_NAME = "$(TARGET_NAME)";
				SWIFT_EMIT_LOC_STRINGS = YES;
				SWIFT_VERSION = 5.0;
			};
			name = Release;
		};
/* End XCBuildConfiguration section */

/* Begin XCConfigurationList section */
		8307000000000000 /* Build configuration list for PBXNativeTarget "Ambi" */ = {
			isa = XCConfigurationList;
			buildConfigurations = (
				830A000000000002 /* Debug */,
				830A000000000003 /* Release */,
			);
			defaultConfigurationIsVisible = 0;
			defaultConfigurationName = Release;
		};
		8307000000000001 /* Build configuration list for PBXProject "Ambi" */ = {
			isa = XCConfigurationList;
			buildConfigurations = (
				830A000000000000 /* Debug */,
				830A000000000001 /* Release */,
			);
			defaultConfigurationIsVisible = 0;
			defaultConfigurationName = Release;
		};
/* End XCConfigurationList section */

/* Begin XCRemoteSwiftPackageReference section */
		8309000000000001 /* XCRemoteSwiftPackageReference "GRDB.swift" */ = {
			isa = XCRemoteSwiftPackageReference;
			repositoryURL = "https://github.com/groue/GRDB.swift.git";
			requirement = {
				kind = upToNextMajorVersion;
				minimumVersion = 6.24.0;
			};
		};
		8309000000000002 /* XCRemoteSwiftPackageReference "WhisperKit" */ = {
			isa = XCRemoteSwiftPackageReference;
			repositoryURL = "https://github.com/argmaxinc/WhisperKit.git";
			requirement = {
				kind = upToNextMajorVersion;
				minimumVersion = 0.9.0;
			};
		};
/* End XCRemoteSwiftPackageReference section */

/* Begin XCSwiftPackageProductDependency section */
		830200000000000D /* GRDB */ = {
			isa = XCSwiftPackageProductDependency;
			package = 8309000000000001 /* XCRemoteSwiftPackageReference "GRDB.swift" */;
			productName = GRDB;
		};
		830200000000000E /* WhisperKit */ = {
			isa = XCSwiftPackageProductDependency;
			package = 8309000000000002 /* XCRemoteSwiftPackageReference "WhisperKit" */;
			productName = WhisperKit;
		};
/* End XCSwiftPackageProductDependency section */
	};
	rootObject = 8308000000000000 /* Project object */;
}
